
Microsoft Visual Studio Solution File, Format Version 12.00
# Visual Studio Version 17
VisualStudioVersion = 17.8.34330.188
MinimumVisualStudioVersion = 10.0.40219.1
Project("{FAE04EC0-301F-11D3-BF4B-00C04F79EFBC}") = "Leet75", "Leet75.csproj", "{37535CBD-27D9-457B-BF0B-AC80C654BFB2}"
EndProject
Global
	GlobalSection(SolutionConfigurationPlatforms) = preSolution
		Debug|Any CPU = Debug|Any CPU
		Release|Any CPU = Release|Any CPU
	EndGlobalSection
	GlobalSection(ProjectConfigurationPlatforms) = postSolution
		{37535CBD-27D9-457B-BF0B-AC80C654BFB2}.Debug|Any CPU.ActiveCfg = Debug|Any CPU
		{37535CBD-27D9-457B-BF0B-AC80C654BFB2}.Debug|Any CPU.Build.0 = Debug|Any CPU
		{37535CBD-27D9-457B-BF0B-AC80C654BFB2}.Release|Any CPU.ActiveCfg = Release|Any CPU
		{37535CBD-27D9-457B-BF0B-AC80C654BFB2}.Release|Any CPU.Build.0 = Release|Any CPU
	EndGlobalSection
	GlobalSection(SolutionProperties) = preSolution
		HideSolutionNode = FALSE
	EndGlobalSection
	GlobalSection(ExtensibilityGlobals) = postSolution
		SolutionGuid = {8B07D101-6507-456C-B573-1290A212C348}
	EndGlobalSection
EndGlobal
